// !$*UTF8*$!
{
	archiveVersion = 1;
	classes = {
	};
	objectVersion = 48;
	objects = {

/* Begin PBXBuildFile section */
		3609278B1F173E7300358AC1 /* Restaurant.swift in Sources */ = {isa = PBXBuildFile; fileRef = 3609278A1F173E7300358AC1 /* Restaurant.swift */; };
		3609278E1F173FEC00358AC1 /* RestaurantViewController.swift in Sources */ = {isa = PBXBuildFile; fileRef = 3609278D1F173FEC00358AC1 /* RestaurantViewController.swift */; };
		361114D91F1752A700C4D828 /* FoodApiClient.swift in Sources */ = {isa = PBXBuildFile; fileRef = 361114D81F1752A700C4D828 /* FoodApiClient.swift */; };
		361114DD1F17595C00C4D828 /* MenuItemCell.swift in Sources */ = {isa = PBXBuildFile; fileRef = 361114DC1F17595C00C4D828 /* MenuItemCell.swift */; };
		361114DF1F17686B00C4D828 /* Animation.swift in Sources */ = {isa = PBXBuildFile; fileRef = 361114DE1F17686B00C4D828 /* Animation.swift */; };
		361114E31F176F5200C4D828 /* OrderItem.swift in Sources */ = {isa = PBXBuildFile; fileRef = 361114E21F176F5200C4D828 /* OrderItem.swift */; };
		364A8F3F1F174989008E0FC9 /* MenuItem.swift in Sources */ = {isa = PBXBuildFile; fileRef = 364A8F3E1F174989008E0FC9 /* MenuItem.swift */; };
		364A8F411F174A92008E0FC9 /* MenuViewController.swift in Sources */ = {isa = PBXBuildFile; fileRef = 364A8F401F174A92008E0FC9 /* MenuViewController.swift */; };
		3694653D1F1677B700A17828 /* GcdUtils.swift in Sources */ = {isa = PBXBuildFile; fileRef = 3694653C1F1677B700A17828 /* GcdUtils.swift */; };
		369465401F167B7600A17828 /* HttpClientTest.swift in Sources */ = {isa = PBXBuildFile; fileRef = 3694653F1F167B7600A17828 /* HttpClientTest.swift */; };
		36C34E1A1F177A1C00D6408B /* OrderViewController.swift in Sources */ = {isa = PBXBuildFile; fileRef = 36C34E191F177A1C00D6408B /* OrderViewController.swift */; };
		36C34E1C1F177DD300D6408B /* OrderItemCell.swift in Sources */ = {isa = PBXBuildFile; fileRef = 36C34E1B1F177DD300D6408B /* OrderItemCell.swift */; };
		36C827AD1F16716900A57EA5 /* AppDelegate.swift in Sources */ = {isa = PBXBuildFile; fileRef = 36C827AC1F16716900A57EA5 /* AppDelegate.swift */; };
		36C827B21F16716900A57EA5 /* Main.storyboard in Resources */ = {isa = PBXBuildFile; fileRef = 36C827B01F16716900A57EA5 /* Main.storyboard */; };
		36C827B41F16716900A57EA5 /* Assets.xcassets in Resources */ = {isa = PBXBuildFile; fileRef = 36C827B31F16716900A57EA5 /* Assets.xcassets */; };
		36C827B71F16716900A57EA5 /* LaunchScreen.storyboard in Resources */ = {isa = PBXBuildFile; fileRef = 36C827B51F16716900A57EA5 /* LaunchScreen.storyboard */; };
		36C827CD1F16716900A57EA5 /* MenuUITests.swift in Sources */ = {isa = PBXBuildFile; fileRef = 36C827CC1F16716900A57EA5 /* MenuUITests.swift */; };
		36C827DC1F16719700A57EA5 /* HttpClient.swift in Sources */ = {isa = PBXBuildFile; fileRef = 36C827DB1F16719700A57EA5 /* HttpClient.swift */; };
		36C827DE1F16727B00A57EA5 /* NetworkPromise.swift in Sources */ = {isa = PBXBuildFile; fileRef = 36C827DD1F16727B00A57EA5 /* NetworkPromise.swift */; };
		36F951C41F17B2BA0067FDE4 /* CreditCardInfo.swift in Sources */ = {isa = PBXBuildFile; fileRef = 36F951C31F17B2BA0067FDE4 /* CreditCardInfo.swift */; };
		36F951C61F17BE460067FDE4 /* CreditCardViewController.swift in Sources */ = {isa = PBXBuildFile; fileRef = 36F951C51F17BE460067FDE4 /* CreditCardViewController.swift */; };
		36F951C81F1878700067FDE4 /* RestaurantCell.swift in Sources */ = {isa = PBXBuildFile; fileRef = 36F951C71F1878700067FDE4 /* RestaurantCell.swift */; };
/* End PBXBuildFile section */

/* Begin PBXContainerItemProxy section */
		36C827BE1F16716900A57EA5 /* PBXContainerItemProxy */ = {
			isa = PBXContainerItemProxy;
			containerPortal = 36C827A11F16716900A57EA5 /* Project object */;
			proxyType = 1;
			remoteGlobalIDString = 36C827A81F16716900A57EA5;
			remoteInfo = Menu;
		};
		36C827C91F16716900A57EA5 /* PBXContainerItemProxy */ = {
			isa = PBXContainerItemProxy;
			containerPortal = 36C827A11F16716900A57EA5 /* Project object */;
			proxyType = 1;
			remoteGlobalIDString = 36C827A81F16716900A57EA5;
			remoteInfo = Menu;
		};
/* End PBXContainerItemProxy section */

/* Begin PBXFileReference section */
		3609278A1F173E7300358AC1 /* Restaurant.swift */ = {isa = PBXFileReference; lastKnownFileType = sourcecode.swift; path = Restaurant.swift; sourceTree = "<group>"; };
		3609278D1F173FEC00358AC1 /* RestaurantViewController.swift */ = {isa = PBXFileReference; lastKnownFileType = sourcecode.swift; path = RestaurantViewController.swift; sourceTree = "<group>"; };
		361114D81F1752A700C4D828 /* FoodApiClient.swift */ = {isa = PBXFileReference; lastKnownFileType = sourcecode.swift; path = FoodApiClient.swift; sourceTree = "<group>"; };
		361114DC1F17595C00C4D828 /* MenuItemCell.swift */ = {isa = PBXFileReference; lastKnownFileType = sourcecode.swift; path = MenuItemCell.swift; sourceTree = "<group>"; };
		361114DE1F17686B00C4D828 /* Animation.swift */ = {isa = PBXFileReference; lastKnownFileType = sourcecode.swift; path = Animation.swift; sourceTree = "<group>"; };
		361114E21F176F5200C4D828 /* OrderItem.swift */ = {isa = PBXFileReference; lastKnownFileType = sourcecode.swift; path = OrderItem.swift; sourceTree = "<group>"; };
		364A8F3E1F174989008E0FC9 /* MenuItem.swift */ = {isa = PBXFileReference; lastKnownFileType = sourcecode.swift; path = MenuItem.swift; sourceTree = "<group>"; };
		364A8F401F174A92008E0FC9 /* MenuViewController.swift */ = {isa = PBXFileReference; lastKnownFileType = sourcecode.swift; path = MenuViewController.swift; sourceTree = "<group>"; };
		3694653C1F1677B700A17828 /* GcdUtils.swift */ = {isa = PBXFileReference; lastKnownFileType = sourcecode.swift; path = GcdUtils.swift; sourceTree = "<group>"; };
		3694653F1F167B7600A17828 /* HttpClientTest.swift */ = {isa = PBXFileReference; lastKnownFileType = sourcecode.swift; path = HttpClientTest.swift; sourceTree = "<group>"; };
		36C34E191F177A1C00D6408B /* OrderViewController.swift */ = {isa = PBXFileReference; lastKnownFileType = sourcecode.swift; path = OrderViewController.swift; sourceTree = "<group>"; };
		36C34E1B1F177DD300D6408B /* OrderItemCell.swift */ = {isa = PBXFileReference; lastKnownFileType = sourcecode.swift; path = OrderItemCell.swift; sourceTree = "<group>"; };
		36C827A91F16716900A57EA5 /* Menu.app */ = {isa = PBXFileReference; explicitFileType = wrapper.application; includeInIndex = 0; path = Menu.app; sourceTree = BUILT_PRODUCTS_DIR; };
		36C827AC1F16716900A57EA5 /* AppDelegate.swift */ = {isa = PBXFileReference; lastKnownFileType = sourcecode.swift; path = AppDelegate.swift; sourceTree = "<group>"; };
		36C827B11F16716900A57EA5 /* Base */ = {isa = PBXFileReference; lastKnownFileType = file.storyboard; name = Base; path = Base.lproj/Main.storyboard; sourceTree = "<group>"; };
		36C827B31F16716900A57EA5 /* Assets.xcassets */ = {isa = PBXFileReference; lastKnownFileType = folder.assetcatalog; path = Assets.xcassets; sourceTree = "<group>"; };
		36C827B61F16716900A57EA5 /* Base */ = {isa = PBXFileReference; lastKnownFileType = file.storyboard; name = Base; path = Base.lproj/LaunchScreen.storyboard; sourceTree = "<group>"; };
		36C827B81F16716900A57EA5 /* Info.plist */ = {isa = PBXFileReference; lastKnownFileType = text.plist.xml; path = Info.plist; sourceTree = "<group>"; };
		36C827BD1F16716900A57EA5 /* MenuTests.xctest */ = {isa = PBXFileReference; explicitFileType = wrapper.cfbundle; includeInIndex = 0; path = MenuTests.xctest; sourceTree = BUILT_PRODUCTS_DIR; };
		36C827C31F16716900A57EA5 /* Info.plist */ = {isa = PBXFileReference; lastKnownFileType = text.plist.xml; path = Info.plist; sourceTree = "<group>"; };
		36C827C81F16716900A57EA5 /* MenuUITests.xctest */ = {isa = PBXFileReference; explicitFileType = wrapper.cfbundle; includeInIndex = 0; path = MenuUITests.xctest; sourceTree = BUILT_PRODUCTS_DIR; };
		36C827CC1F16716900A57EA5 /* MenuUITests.swift */ = {isa = PBXFileReference; lastKnownFileType = sourcecode.swift; path = MenuUITests.swift; sourceTree = "<group>"; };
		36C827CE1F16716900A57EA5 /* Info.plist */ = {isa = PBXFileReference; lastKnownFileType = text.plist.xml; path = Info.plist; sourceTree = "<group>"; };
		36C827DB1F16719700A57EA5 /* HttpClient.swift */ = {isa = PBXFileReference; lastKnownFileType = sourcecode.swift; path = HttpClient.swift; sourceTree = "<group>"; };
		36C827DD1F16727B00A57EA5 /* NetworkPromise.swift */ = {isa = PBXFileReference; lastKnownFileType = sourcecode.swift; path = NetworkPromise.swift; sourceTree = "<group>"; };
		36F951C31F17B2BA0067FDE4 /* CreditCardInfo.swift */ = {isa = PBXFileReference; lastKnownFileType = sourcecode.swift; path = CreditCardInfo.swift; sourceTree = "<group>"; };
		36F951C51F17BE460067FDE4 /* CreditCardViewController.swift */ = {isa = PBXFileReference; lastKnownFileType = sourcecode.swift; path = CreditCardViewController.swift; sourceTree = "<group>"; };
		36F951C71F1878700067FDE4 /* RestaurantCell.swift */ = {isa = PBXFileReference; lastKnownFileType = sourcecode.swift; path = RestaurantCell.swift; sourceTree = "<group>"; };
/* End PBXFileReference section */

/* Begin PBXFrameworksBuildPhase section */
		36C827A61F16716900A57EA5 /* Frameworks */ = {
			isa = PBXFrameworksBuildPhase;
			buildActionMask = 2147483647;
			files = (
			);
			runOnlyForDeploymentPostprocessing = 0;
		};
		36C827BA1F16716900A57EA5 /* Frameworks */ = {
			isa = PBXFrameworksBuildPhase;
			buildActionMask = 2147483647;
			files = (
			);
			runOnlyForDeploymentPostprocessing = 0;
		};
		36C827C51F16716900A57EA5 /* Frameworks */ = {
			isa = PBXFrameworksBuildPhase;
			buildActionMask = 2147483647;
			files = (
			);
			runOnlyForDeploymentPostprocessing = 0;
		};
/* End PBXFrameworksBuildPhase section */

/* Begin PBXGroup section */
		360927861F16E89200358AC1 /* Core */ = {
			isa = PBXGroup;
			children = (
				3694653B1F16779800A17828 /* GcdUtils */,
				36C827DA1F16717100A57EA5 /* Network */,
			);
			path = Core;
			sourceTree = "<group>";
		};
		360927891F173E5100358AC1 /* Models */ = {
			isa = PBXGroup;
			children = (
				3609278A1F173E7300358AC1 /* Restaurant.swift */,
				364A8F3E1F174989008E0FC9 /* MenuItem.swift */,
				361114E21F176F5200C4D828 /* OrderItem.swift */,
				36F951C31F17B2BA0067FDE4 /* CreditCardInfo.swift */,
			);
			path = Models;
			sourceTree = "<group>";
		};
		3609278C1F173FCE00358AC1 /* Controllers */ = {
			isa = PBXGroup;
			children = (
				3609278D1F173FEC00358AC1 /* RestaurantViewController.swift */,
				364A8F401F174A92008E0FC9 /* MenuViewController.swift */,
				36C34E191F177A1C00D6408B /* OrderViewController.swift */,
				36F951C51F17BE460067FDE4 /* CreditCardViewController.swift */,
			);
			path = Controllers;
			sourceTree = "<group>";
		};
		361114D71F17528700C4D828 /* Api */ = {
			isa = PBXGroup;
			children = (
				361114D81F1752A700C4D828 /* FoodApiClient.swift */,
			);
			path = Api;
			sourceTree = "<group>";
		};
		361114DA1F17594600C4D828 /* Views */ = {
			isa = PBXGroup;
			children = (
				361114DB1F17594D00C4D828 /* TableCell */,
				361114DE1F17686B00C4D828 /* Animation.swift */,
			);
			path = Views;
			sourceTree = "<group>";
		};
		361114DB1F17594D00C4D828 /* TableCell */ = {
			isa = PBXGroup;
			children = (
				361114DC1F17595C00C4D828 /* MenuItemCell.swift */,
				36C34E1B1F177DD300D6408B /* OrderItemCell.swift */,
				36F951C71F1878700067FDE4 /* RestaurantCell.swift */,
			);
			path = TableCell;
			sourceTree = "<group>";
		};
		3694653B1F16779800A17828 /* GcdUtils */ = {
			isa = PBXGroup;
			children = (
				3694653C1F1677B700A17828 /* GcdUtils.swift */,
			);
			path = GcdUtils;
			sourceTree = "<group>";
		};
		3694653E1F167B6700A17828 /* Network */ = {
			isa = PBXGroup;
			children = (
				3694653F1F167B7600A17828 /* HttpClientTest.swift */,
			);
			path = Network;
			sourceTree = "<group>";
		};
		36C827A01F16716900A57EA5 = {
			isa = PBXGroup;
			children = (
				36C827AB1F16716900A57EA5 /* Menu */,
				36C827C01F16716900A57EA5 /* MenuTests */,
				36C827CB1F16716900A57EA5 /* MenuUITests */,
				36C827AA1F16716900A57EA5 /* Products */,
			);
			sourceTree = "<group>";
		};
		36C827AA1F16716900A57EA5 /* Products */ = {
			isa = PBXGroup;
			children = (
				36C827A91F16716900A57EA5 /* Menu.app */,
				36C827BD1F16716900A57EA5 /* MenuTests.xctest */,
				36C827C81F16716900A57EA5 /* MenuUITests.xctest */,
			);
			name = Products;
			sourceTree = "<group>";
		};
		36C827AB1F16716900A57EA5 /* Menu */ = {
			isa = PBXGroup;
			children = (
				361114DA1F17594600C4D828 /* Views */,
				361114D71F17528700C4D828 /* Api */,
				3609278C1F173FCE00358AC1 /* Controllers */,
				360927891F173E5100358AC1 /* Models */,
				360927861F16E89200358AC1 /* Core */,
				36C827AC1F16716900A57EA5 /* AppDelegate.swift */,
				36C827B01F16716900A57EA5 /* Main.storyboard */,
				36C827B31F16716900A57EA5 /* Assets.xcassets */,
				36C827B51F16716900A57EA5 /* LaunchScreen.storyboard */,
				36C827B81F16716900A57EA5 /* Info.plist */,
			);
			path = Menu;
			sourceTree = "<group>";
		};
		36C827C01F16716900A57EA5 /* MenuTests */ = {
			isa = PBXGroup;
			children = (
				3694653E1F167B6700A17828 /* Network */,
				36C827C31F16716900A57EA5 /* Info.plist */,
			);
			path = MenuTests;
			sourceTree = "<group>";
		};
		36C827CB1F16716900A57EA5 /* MenuUITests */ = {
			isa = PBXGroup;
			children = (
				36C827CC1F16716900A57EA5 /* MenuUITests.swift */,
				36C827CE1F16716900A57EA5 /* Info.plist */,
			);
			path = MenuUITests;
			sourceTree = "<group>";
		};
		36C827DA1F16717100A57EA5 /* Network */ = {
			isa = PBXGroup;
			children = (
				36C827DB1F16719700A57EA5 /* HttpClient.swift */,
				36C827DD1F16727B00A57EA5 /* NetworkPromise.swift */,
			);
			path = Network;
			sourceTree = "<group>";
		};
/* End PBXGroup section */

/* Begin PBXNativeTarget section */
		36C827A81F16716900A57EA5 /* Menu */ = {
			isa = PBXNativeTarget;
			buildConfigurationList = 36C827D11F16716900A57EA5 /* Build configuration list for PBXNativeTarget "Menu" */;
			buildPhases = (
				36C827A51F16716900A57EA5 /* Sources */,
				36C827A61F16716900A57EA5 /* Frameworks */,
				36C827A71F16716900A57EA5 /* Resources */,
			);
			buildRules = (
			);
			dependencies = (
			);
			name = Menu;
			productName = Menu;
			productReference = 36C827A91F16716900A57EA5 /* Menu.app */;
			productType = "com.apple.product-type.application";
		};
		36C827BC1F16716900A57EA5 /* MenuTests */ = {
			isa = PBXNativeTarget;
			buildConfigurationList = 36C827D41F16716900A57EA5 /* Build configuration list for PBXNativeTarget "MenuTests" */;
			buildPhases = (
				36C827B91F16716900A57EA5 /* Sources */,
				36C827BA1F16716900A57EA5 /* Frameworks */,
				36C827BB1F16716900A57EA5 /* Resources */,
			);
			buildRules = (
			);
			dependencies = (
				36C827BF1F16716900A57EA5 /* PBXTargetDependency */,
			);
			name = MenuTests;
			productName = MenuTests;
			productReference = 36C827BD1F16716900A57EA5 /* MenuTests.xctest */;
			productType = "com.apple.product-type.bundle.unit-test";
		};
		36C827C71F16716900A57EA5 /* MenuUITests */ = {
			isa = PBXNativeTarget;
			buildConfigurationList = 36C827D71F16716900A57EA5 /* Build configuration list for PBXNativeTarget "MenuUITests" */;
			buildPhases = (
				36C827C41F16716900A57EA5 /* Sources */,
				36C827C51F16716900A57EA5 /* Frameworks */,
				36C827C61F16716900A57EA5 /* Resources */,
			);
			buildRules = (
			);
			dependencies = (
				36C827CA1F16716900A57EA5 /* PBXTargetDependency */,
			);
			name = MenuUITests;
			productName = MenuUITests;
			productReference = 36C827C81F16716900A57EA5 /* MenuUITests.xctest */;
			productType = "com.apple.product-type.bundle.ui-testing";
		};
/* End PBXNativeTarget section */

/* Begin PBXProject section */
		36C827A11F16716900A57EA5 /* Project object */ = {
			isa = PBXProject;
			attributes = {
				LastSwiftUpdateCheck = 0900;
				LastUpgradeCheck = 0900;
				ORGANIZATIONNAME = "Tran Thien Khiem";
				TargetAttributes = {
					36C827A81F16716900A57EA5 = {
						CreatedOnToolsVersion = 9.0;
					};
					36C827BC1F16716900A57EA5 = {
						CreatedOnToolsVersion = 9.0;
						TestTargetID = 36C827A81F16716900A57EA5;
					};
					36C827C71F16716900A57EA5 = {
						CreatedOnToolsVersion = 9.0;
						TestTargetID = 36C827A81F16716900A57EA5;
					};
				};
			};
			buildConfigurationList = 36C827A41F16716900A57EA5 /* Build configuration list for PBXProject "Menu" */;
			compatibilityVersion = "Xcode 8.0";
			developmentRegion = en;
			hasScannedForEncodings = 0;
			knownRegions = (
				en,
				Base,
			);
			mainGroup = 36C827A01F16716900A57EA5;
			productRefGroup = 36C827AA1F16716900A57EA5 /* Products */;
			projectDirPath = "";
			projectRoot = "";
			targets = (
				36C827A81F16716900A57EA5 /* Menu */,
				36C827BC1F16716900A57EA5 /* MenuTests */,
				36C827C71F16716900A57EA5 /* MenuUITests */,
			);
		};
/* End PBXProject section */

/* Begin PBXResourcesBuildPhase section */
		36C827A71F16716900A57EA5 /* Resources */ = {
			isa = PBXResourcesBuildPhase;
			buildActionMask = 2147483647;
			files = (
				36C827B71F16716900A57EA5 /* LaunchScreen.storyboard in Resources */,
				36C827B41F16716900A57EA5 /* Assets.xcassets in Resources */,
				36C827B21F16716900A57EA5 /* Main.storyboard in Resources */,
			);
			runOnlyForDeploymentPostprocessing = 0;
		};
		36C827BB1F16716900A57EA5 /* Resources */ = {
			isa = PBXResourcesBuildPhase;
			buildActionMask = 2147483647;
			files = (
			);
			runOnlyForDeploymentPostprocessing = 0;
		};
		36C827C61F16716900A57EA5 /* Resources */ = {
			isa = PBXResourcesBuildPhase;
			buildActionMask = 2147483647;
			files = (
			);
			runOnlyForDeploymentPostprocessing = 0;
		};
/* End PBXResourcesBuildPhase section */

/* Begin PBXSourcesBuildPhase section */
		36C827A51F16716900A57EA5 /* Sources */ = {
			isa = PBXSourcesBuildPhase;
			buildActionMask = 2147483647;
			files = (
				361114DF1F17686B00C4D828 /* Animation.swift in Sources */,
				361114D91F1752A700C4D828 /* FoodApiClient.swift in Sources */,
				36C34E1A1F177A1C00D6408B /* OrderViewController.swift in Sources */,
				364A8F3F1F174989008E0FC9 /* MenuItem.swift in Sources */,
				36C827DC1F16719700A57EA5 /* HttpClient.swift in Sources */,
				361114E31F176F5200C4D828 /* OrderItem.swift in Sources */,
				361114DD1F17595C00C4D828 /* MenuItemCell.swift in Sources */,
				36C34E1C1F177DD300D6408B /* OrderItemCell.swift in Sources */,
				3609278E1F173FEC00358AC1 /* RestaurantViewController.swift in Sources */,
				3694653D1F1677B700A17828 /* GcdUtils.swift in Sources */,
				36F951C41F17B2BA0067FDE4 /* CreditCardInfo.swift in Sources */,
				36F951C81F1878700067FDE4 /* RestaurantCell.swift in Sources */,
				36C827AD1F16716900A57EA5 /* AppDelegate.swift in Sources */,
				36C827DE1F16727B00A57EA5 /* NetworkPromise.swift in Sources */,
				36F951C61F17BE460067FDE4 /* CreditCardViewController.swift in Sources */,
				3609278B1F173E7300358AC1 /* Restaurant.swift in Sources */,
				364A8F411F174A92008E0FC9 /* MenuViewController.swift in Sources */,
			);
			runOnlyForDeploymentPostprocessing = 0;
		};
		36C827B91F16716900A57EA5 /* Sources */ = {
			isa = PBXSourcesBuildPhase;
			buildActionMask = 2147483647;
			files = (
				369465401F167B7600A17828 /* HttpClientTest.swift in Sources */,
			);
			runOnlyForDeploymentPostprocessing = 0;
		};
		36C827C41F16716900A57EA5 /* Sources */ = {
			isa = PBXSourcesBuildPhase;
			buildActionMask = 2147483647;
			files = (
				36C827CD1F16716900A57EA5 /* MenuUITests.swift in Sources */,
			);
			runOnlyForDeploymentPostprocessing = 0;
		};
/* End PBXSourcesBuildPhase section */

/* Begin PBXTargetDependency section */
		36C827BF1F16716900A57EA5 /* PBXTargetDependency */ = {
			isa = PBXTargetDependency;
			target = 36C827A81F16716900A57EA5 /* Menu */;
			targetProxy = 36C827BE1F16716900A57EA5 /* PBXContainerItemProxy */;
		};
		36C827CA1F16716900A57EA5 /* PBXTargetDependency */ = {
			isa = PBXTargetDependency;
			target = 36C827A81F16716900A57EA5 /* Menu */;
			targetProxy = 36C827C91F16716900A57EA5 /* PBXContainerItemProxy */;
		};
/* End PBXTargetDependency section */

/* Begin PBXVariantGroup section */
		36C827B01F16716900A57EA5 /* Main.storyboard */ = {
			isa = PBXVariantGroup;
			children = (
				36C827B11F16716900A57EA5 /* Base */,
			);
			name = Main.storyboard;
			sourceTree = "<group>";
		};
		36C827B51F16716900A57EA5 /* LaunchScreen.storyboard */ = {
			isa = PBXVariantGroup;
			children = (
				36C827B61F16716900A57EA5 /* Base */,
			);
			name = LaunchScreen.storyboard;
			sourceTree = "<group>";
		};
/* End PBXVariantGroup section */

/* Begin XCBuildConfiguration section */
		36C827CF1F16716900A57EA5 /* Debug */ = {
			isa = XCBuildConfiguration;
			buildSettings = {
				ALWAYS_SEARCH_USER_PATHS = NO;
				CLANG_ANALYZER_NONNULL = YES;
				CLANG_ANALYZER_NUMBER_OBJECT_CONVERSION = YES_AGGRESSIVE;
				CLANG_CXX_LANGUAGE_STANDARD = "gnu++14";
				CLANG_CXX_LIBRARY = "libc++";
				CLANG_ENABLE_MODULES = YES;
				CLANG_ENABLE_OBJC_ARC = YES;
				CLANG_WARN_BLOCK_CAPTURE_AUTORELEASING = YES;
				CLANG_WARN_BOOL_CONVERSION = YES;
				CLANG_WARN_COMMA = YES;
				CLANG_WARN_CONSTANT_CONVERSION = YES;
				CLANG_WARN_DIRECT_OBJC_ISA_USAGE = YES_ERROR;
				CLANG_WARN_DOCUMENTATION_COMMENTS = YES;
				CLANG_WARN_EMPTY_BODY = YES;
				CLANG_WARN_ENUM_CONVERSION = YES;
				CLANG_WARN_INFINITE_RECURSION = YES;
				CLANG_WARN_INT_CONVERSION = YES;
				CLANG_WARN_OBJC_ROOT_CLASS = YES_ERROR;
				CLANG_WARN_RANGE_LOOP_ANALYSIS = YES;
				CLANG_WARN_STRICT_PROTOTYPES = YES;
				CLANG_WARN_SUSPICIOUS_MOVE = YES;
				CLANG_WARN_UNGUARDED_AVAILABILITY = YES_AGGRESSIVE;
				CLANG_WARN_UNREACHABLE_CODE = YES;
				CLANG_WARN__DUPLICATE_METHOD_MATCH = YES;
				CODE_SIGN_IDENTITY = "iPhone Developer";
				COPY_PHASE_STRIP = NO;
				DEBUG_INFORMATION_FORMAT = dwarf;
				ENABLE_STRICT_OBJC_MSGSEND = YES;
				ENABLE_TESTABILITY = YES;
				GCC_C_LANGUAGE_STANDARD = gnu11;
				GCC_DYNAMIC_NO_PIC = NO;
				GCC_NO_COMMON_BLOCKS = YES;
				GCC_OPTIMIZATION_LEVEL = 0;
				GCC_PREPROCESSOR_DEFINITIONS = (
					"DEBUG=1",
					"$(inherited)",
				);
				GCC_WARN_64_TO_32_BIT_CONVERSION = YES;
				GCC_WARN_ABOUT_RETURN_TYPE = YES_ERROR;
				GCC_WARN_UNDECLARED_SELECTOR = YES;
				GCC_WARN_UNINITIALIZED_AUTOS = YES_AGGRESSIVE;
				GCC_WARN_UNUSED_FUNCTION = YES;
				GCC_WARN_UNUSED_VARIABLE = YES;
				IPHONEOS_DEPLOYMENT_TARGET = 11.0;
				MTL_ENABLE_DEBUG_INFO = YES;
				ONLY_ACTIVE_ARCH = YES;
				SDKROOT = iphoneos;
				SWIFT_ACTIVE_COMPILATION_CONDITIONS = DEBUG;
				SWIFT_OPTIMIZATION_LEVEL = "-Onone";
			};
			name = Debug;
		};
		36C827D01F16716900A57EA5 /* Release */ = {
			isa = XCBuildConfiguration;
			buildSettings = {
				ALWAYS_SEARCH_USER_PATHS = NO;
				CLANG_ANALYZER_NONNULL = YES;
				CLANG_ANALYZER_NUMBER_OBJECT_CONVERSION = YES_AGGRESSIVE;
				CLANG_CXX_LANGUAGE_STANDARD = "gnu++14";
				CLANG_CXX_LIBRARY = "libc++";
				CLANG_ENABLE_MODULES = YES;
				CLANG_ENABLE_OBJC_ARC = YES;
				CLANG_WARN_BLOCK_CAPTURE_AUTORELEASING = YES;
				CLANG_WARN_BOOL_CONVERSION = YES;
				CLANG_WARN_COMMA = YES;
				CLANG_WARN_CONSTANT_CONVERSION = YES;
				CLANG_WARN_DIRECT_OBJC_ISA_USAGE = YES_ERROR;
				CLANG_WARN_DOCUMENTATION_COMMENTS = YES;
				CLANG_WARN_EMPTY_BODY = YES;
				CLANG_WARN_ENUM_CONVERSION = YES;
				CLANG_WARN_INFINITE_RECURSION = YES;
				CLANG_WARN_INT_CONVERSION = YES;
				CLANG_WARN_OBJC_ROOT_CLASS = YES_ERROR;
				CLANG_WARN_RANGE_LOOP_ANALYSIS = YES;
				CLANG_WARN_STRICT_PROTOTYPES = YES;
				CLANG_WARN_SUSPICIOUS_MOVE = YES;
				CLANG_WARN_UNGUARDED_AVAILABILITY = YES_AGGRESSIVE;
				CLANG_WARN_UNREACHABLE_CODE = YES;
				CLANG_WARN__DUPLICATE_METHOD_MATCH = YES;
				CODE_SIGN_IDENTITY = "iPhone Developer";
				COPY_PHASE_STRIP = NO;
				DEBUG_INFORMATION_FORMAT = "dwarf-with-dsym";
				ENABLE_NS_ASSERTIONS = NO;
				ENABLE_STRICT_OBJC_MSGSEND = YES;
				GCC_C_LANGUAGE_STANDARD = gnu11;
				GCC_NO_COMMON_BLOCKS = YES;
				GCC_WARN_64_TO_32_BIT_CONVERSION = YES;
				GCC_WARN_ABOUT_RETURN_TYPE = YES_ERROR;
				GCC_WARN_UNDECLARED_SELECTOR = YES;
				GCC_WARN_UNINITIALIZED_AUTOS = YES_AGGRESSIVE;
				GCC_WARN_UNUSED_FUNCTION = YES;
				GCC_WARN_UNUSED_VARIABLE = YES;
				IPHONEOS_DEPLOYMENT_TARGET = 11.0;
				MTL_ENABLE_DEBUG_INFO = NO;
				SDKROOT = iphoneos;
				SWIFT_OPTIMIZATION_LEVEL = "-Owholemodule";
				VALIDATE_PRODUCT = YES;
			};
			name = Release;
		};
		36C827D21F16716900A57EA5 /* Debug */ = {
			isa = XCBuildConfiguration;
			buildSettings = {
				ASSETCATALOG_COMPILER_APPICON_NAME = AppIcon;
				DEVELOPMENT_TEAM = ZKTXWSHFT6;
				INFOPLIST_FILE = Menu/Info.plist;
				LD_RUNPATH_SEARCH_PATHS = "$(inherited) @executable_path/Frameworks";
				PRODUCT_BUNDLE_IDENTIFIER = com.banhtieu.Menu;
				PRODUCT_NAME = "$(TARGET_NAME)";
				SWIFT_VERSION = 4.0;
				TARGETED_DEVICE_FAMILY = "1,2";
			};
			name = Debug;
		};
		36C827D31F16716900A57EA5 /* Release */ = {
			isa = XCBuildConfiguration;
			buildSettings = {
				ASSETCATALOG_COMPILER_APPICON_NAME = AppIcon;
				DEVELOPMENT_TEAM = ZKTXWSHFT6;
				INFOPLIST_FILE = Menu/Info.plist;
				LD_RUNPATH_SEARCH_PATHS = "$(inherited) @executable_path/Frameworks";
				PRODUCT_BUNDLE_IDENTIFIER = com.banhtieu.Menu;
				PRODUCT_NAME = "$(TARGET_NAME)";
				SWIFT_VERSION = 4.0;
				TARGETED_DEVICE_FAMILY = "1,2";
			};
			name = Release;
		};
		36C827D51F16716900A57EA5 /* Debug */ = {
			isa = XCBuildConfiguration;
			buildSettings = {
				ALWAYS_EMBED_SWIFT_STANDARD_LIBRARIES = YES;
				BUNDLE_LOADER = "$(TEST_HOST)";
				INFOPLIST_FILE = MenuTests/Info.plist;
				LD_RUNPATH_SEARCH_PATHS = "$(inherited) @executable_path/Frameworks @loader_path/Frameworks";
				PRODUCT_BUNDLE_IDENTIFIER = com.banhtieu.MenuTests;
				PRODUCT_NAME = "$(TARGET_NAME)";
				SWIFT_VERSION = 4.0;
				TARGETED_DEVICE_FAMILY = "1,2";
				TEST_HOST = "$(BUILT_PRODUCTS_DIR)/Menu.app/Menu";
			};
			name = Debug;
		};
		36C827D61F16716900A57EA5 /* Release */ = {
			isa = XCBuildConfiguration;
			buildSettings = {
				ALWAYS_EMBED_SWIFT_STANDARD_LIBRARIES = YES;
				BUNDLE_LOADER = "$(TEST_HOST)";
				INFOPLIST_FILE = MenuTests/Info.plist;
				LD_RUNPATH_SEARCH_PATHS = "$(inherited) @executable_path/Frameworks @loader_path/Frameworks";
				PRODUCT_BUNDLE_IDENTIFIER = com.banhtieu.MenuTests;
				PRODUCT_NAME = "$(TARGET_NAME)";
				SWIFT_VERSION = 4.0;
				TARGETED_DEVICE_FAMILY = "1,2";
				TEST_HOST = "$(BUILT_PRODUCTS_DIR)/Menu.app/Menu";
			};
			name = Release;
		};
		36C827D81F16716900A57EA5 /* Debug */ = {
			isa = XCBuildConfiguration;
			buildSettings = {
				ALWAYS_EMBED_SWIFT_STANDARD_LIBRARIES = YES;
				INFOPLIST_FILE = MenuUITests/Info.plist;
				LD_RUNPATH_SEARCH_PATHS = "$(inherited) @executable_path/Frameworks @loader_path/Frameworks";
				PRODUCT_BUNDLE_IDENTIFIER = com.banhtieu.MenuUITests;
				PRODUCT_NAME = "$(TARGET_NAME)";
				SWIFT_VERSION = 4.0;
				TARGETED_DEVICE_FAMILY = "1,2";
				TEST_TARGET_NAME = Menu;
			};
			name = Debug;
		};
		36C827D91F16716900A57EA5 /* Release */ = {
			isa = XCBuildConfiguration;
			buildSettings = {
				ALWAYS_EMBED_SWIFT_STANDARD_LIBRARIES = YES;
				INFOPLIST_FILE = MenuUITests/Info.plist;
				LD_RUNPATH_SEARCH_PATHS = "$(inherited) @executable_path/Frameworks @loader_path/Frameworks";
				PRODUCT_BUNDLE_IDENTIFIER = com.banhtieu.MenuUITests;
				PRODUCT_NAME = "$(TARGET_NAME)";
				SWIFT_VERSION = 4.0;
				TARGETED_DEVICE_FAMILY = "1,2";
				TEST_TARGET_NAME = Menu;
			};
			name = Release;
		};
/* End XCBuildConfiguration section */

/* Begin XCConfigurationList section */
		36C827A41F16716900A57EA5 /* Build configuration list for PBXProject "Menu" */ = {
			isa = XCConfigurationList;
			buildConfigurations = (
				36C827CF1F16716900A57EA5 /* Debug */,
				36C827D01F16716900A57EA5 /* Release */,
			);
			defaultConfigurationIsVisible = 0;
			defaultConfigurationName = Release;
		};
		36C827D11F16716900A57EA5 /* Build configuration list for PBXNativeTarget "Menu" */ = {
			isa = XCConfigurationList;
			buildConfigurations = (
				36C827D21F16716900A57EA5 /* Debug */,
				36C827D31F16716900A57EA5 /* Release */,
			);
			defaultConfigurationIsVisible = 0;
			defaultConfigurationName = Release;
		};
		36C827D41F16716900A57EA5 /* Build configuration list for PBXNativeTarget "MenuTests" */ = {
			isa = XCConfigurationList;
			buildConfigurations = (
				36C827D51F16716900A57EA5 /* Debug */,
				36C827D61F16716900A57EA5 /* Release */,
			);
			defaultConfigurationIsVisible = 0;
			defaultConfigurationName = Release;
		};
		36C827D71F16716900A57EA5 /* Build configuration list for PBXNativeTarget "MenuUITests" */ = {
			isa = XCConfigurationList;
			buildConfigurations = (
				36C827D81F16716900A57EA5 /* Debug */,
				36C827D91F16716900A57EA5 /* Release */,
			);
			defaultConfigurationIsVisible = 0;
			defaultConfigurationName = Release;
		};
/* End XCConfigurationList section */
	};
	rootObject = 36C827A11F16716900A57EA5 /* Project object */;
}
